{
  "nodes": {
    "nixpkgs": {
      "locked": {
        "lastModified": 1691732255,
        "narHash": "sha256-r0Y7ZRst4XC25gMWSnAWd31LJ+etZOePgQlA8n9TU2g=",
        "owner": "NixOS",
        "repo": "nixpkgs",
        "rev": "32c89128899f61681ed6a59ba7954eda3e70e95b",
        "type": "github"
      },
      "original": {
        "owner": "NixOS",
        "ref": "nixos-unstable-small",
        "repo": "nixpkgs",
        "type": "github"
      }
    },
    "root": {
      "inputs": {
        "nixpkgs": "nixpkgs"
      }
    }
  },
  "root": "root",
  "version": 7
}
